
Microsoft Visual Studio Solution File, Format Version 12.00
Project("{FAE04EC0-301F-11D3-BF4B-00C04F79EFBC}") = "LibraryExperience", "LibraryExperience\LibraryExperience.csproj", "{302617FF-77AE-4496-BFD0-1AEE83B8EDB6}"
EndProject
Project("{FAE04EC0-301F-11D3-BF4B-00C04F79EFBC}") = "AreaCalculator", "AreaCalculator\AreaCalculator.csproj", "{4132166C-B75B-4C22-9316-1D0A0F62061D}"
EndProject
Project("{FAE04EC0-301F-11D3-BF4B-00C04F79EFBC}") = "CalculatorTests", "CalculatorTests\CalculatorTests.csproj", "{B349E964-1CBE-4BD4-9AE9-4609D4386516}"
EndProject
Global
	GlobalSection(SolutionConfigurationPlatforms) = preSolution
		Debug|Any CPU = Debug|Any CPU
		Release|Any CPU = Release|Any CPU
	EndGlobalSection
	GlobalSection(ProjectConfigurationPlatforms) = postSolution
		{302617FF-77AE-4496-BFD0-1AEE83B8EDB6}.Debug|Any CPU.ActiveCfg = Debug|Any CPU
		{302617FF-77AE-4496-BFD0-1AEE83B8EDB6}.Debug|Any CPU.Build.0 = Debug|Any CPU
		{302617FF-77AE-4496-BFD0-1AEE83B8EDB6}.Release|Any CPU.ActiveCfg = Release|Any CPU
		{302617FF-77AE-4496-BFD0-1AEE83B8EDB6}.Release|Any CPU.Build.0 = Release|Any CPU
		{4132166C-B75B-4C22-9316-1D0A0F62061D}.Debug|Any CPU.ActiveCfg = Debug|Any CPU
		{4132166C-B75B-4C22-9316-1D0A0F62061D}.Debug|Any CPU.Build.0 = Debug|Any CPU
		{4132166C-B75B-4C22-9316-1D0A0F62061D}.Release|Any CPU.ActiveCfg = Release|Any CPU
		{4132166C-B75B-4C22-9316-1D0A0F62061D}.Release|Any CPU.Build.0 = Release|Any CPU
		{B349E964-1CBE-4BD4-9AE9-4609D4386516}.Debug|Any CPU.ActiveCfg = Debug|Any CPU
		{B349E964-1CBE-4BD4-9AE9-4609D4386516}.Debug|Any CPU.Build.0 = Debug|Any CPU
		{B349E964-1CBE-4BD4-9AE9-4609D4386516}.Release|Any CPU.ActiveCfg = Release|Any CPU
		{B349E964-1CBE-4BD4-9AE9-4609D4386516}.Release|Any CPU.Build.0 = Release|Any CPU
	EndGlobalSection
EndGlobal
